
Microsoft Visual Studio Solution File, Format Version 12.00
# Visual Studio Version 17
VisualStudioVersion = 17.11.35327.3
MinimumVisualStudioVersion = 10.0.40219.1
Project("{FAE04EC0-301F-11D3-BF4B-00C04F79EFBC}") = "BooksApi", "BooksApi.csproj", "{80F9E81F-3C08-42B1-B209-53E41567F78A}"
EndProject
Global
	GlobalSection(SolutionConfigurationPlatforms) = preSolution
		Debug|Any CPU = Debug|Any CPU
		Release|Any CPU = Release|Any CPU
	EndGlobalSection
	GlobalSection(ProjectConfigurationPlatforms) = postSolution
		{80F9E81F-3C08-42B1-B209-53E41567F78A}.Debug|Any CPU.ActiveCfg = Debug|Any CPU
		{80F9E81F-3C08-42B1-B209-53E41567F78A}.Debug|Any CPU.Build.0 = Debug|Any CPU
		{80F9E81F-3C08-42B1-B209-53E41567F78A}.Release|Any CPU.ActiveCfg = Release|Any CPU
		{80F9E81F-3C08-42B1-B209-53E41567F78A}.Release|Any CPU.Build.0 = Release|Any CPU
	EndGlobalSection
	GlobalSection(SolutionProperties) = preSolution
		HideSolutionNode = FALSE
	EndGlobalSection
	GlobalSection(ExtensibilityGlobals) = postSolution
		SolutionGuid = {321BA5F6-2148-4315-B956-CAB3B90C9488}
	EndGlobalSection
EndGlobal
